
Microsoft Visual Studio Solution File, Format Version 12.00
# Visual Studio Version 16
VisualStudioVersion = 16.0.30804.86
MinimumVisualStudioVersion = 10.0.40219.1
Project("{2150E333-8FDC-42A3-9474-1A3956D46DE8}") = "src", "src", "{1F419B0A-60D2-4FCD-83FC-B4DCDFB5B598}"
EndProject
Project("{2150E333-8FDC-42A3-9474-1A3956D46DE8}") = "tests", "tests", "{EA138912-82C7-4E73-A130-CDA954491787}"
EndProject
Project("{9A19103F-16F7-4668-BE54-9A1E7A4F7556}") = "Application", "Application\Application.csproj", "{74153969-1E62-46E7-AF70-CB63AA05E598}"
EndProject
Project("{9A19103F-16F7-4668-BE54-9A1E7A4F7556}") = "Domain", "Domain\Domain.csproj", "{DEBB4A2D-27DE-4D3E-860D-25CCD325AC33}"
EndProject
Project("{9A19103F-16F7-4668-BE54-9A1E7A4F7556}") = "Infrastructure", "Infrastructure\Infrastructure.csproj", "{B97E756E-8CD0-4F1C-B08D-D7C4942450D9}"
EndProject
Project("{9A19103F-16F7-4668-BE54-9A1E7A4F7556}") = "WebUI", "WebUI\WebUI.csproj", "{32D385B1-C59C-41C3-B077-BB9CCC183997}"
EndProject
Project("{FAE04EC0-301F-11D3-BF4B-00C04F79EFBC}") = "XUnitTestProject1", "XUnitTestProject1\XUnitTestProject1.csproj", "{0B4F57BA-23BD-4833-808A-42E7529F9302}"
EndProject
Global
	GlobalSection(SolutionConfigurationPlatforms) = preSolution
		Debug|Any CPU = Debug|Any CPU
		Release|Any CPU = Release|Any CPU
	EndGlobalSection
	GlobalSection(ProjectConfigurationPlatforms) = postSolution
		{74153969-1E62-46E7-AF70-CB63AA05E598}.Debug|Any CPU.ActiveCfg = Debug|Any CPU
		{74153969-1E62-46E7-AF70-CB63AA05E598}.Debug|Any CPU.Build.0 = Debug|Any CPU
		{74153969-1E62-46E7-AF70-CB63AA05E598}.Release|Any CPU.ActiveCfg = Release|Any CPU
		{74153969-1E62-46E7-AF70-CB63AA05E598}.Release|Any CPU.Build.0 = Release|Any CPU
		{DEBB4A2D-27DE-4D3E-860D-25CCD325AC33}.Debug|Any CPU.ActiveCfg = Debug|Any CPU
		{DEBB4A2D-27DE-4D3E-860D-25CCD325AC33}.Debug|Any CPU.Build.0 = Debug|Any CPU
		{DEBB4A2D-27DE-4D3E-860D-25CCD325AC33}.Release|Any CPU.ActiveCfg = Release|Any CPU
		{DEBB4A2D-27DE-4D3E-860D-25CCD325AC33}.Release|Any CPU.Build.0 = Release|Any CPU
		{B97E756E-8CD0-4F1C-B08D-D7C4942450D9}.Debug|Any CPU.ActiveCfg = Debug|Any CPU
		{B97E756E-8CD0-4F1C-B08D-D7C4942450D9}.Debug|Any CPU.Build.0 = Debug|Any CPU
		{B97E756E-8CD0-4F1C-B08D-D7C4942450D9}.Release|Any CPU.ActiveCfg = Release|Any CPU
		{B97E756E-8CD0-4F1C-B08D-D7C4942450D9}.Release|Any CPU.Build.0 = Release|Any CPU
		{32D385B1-C59C-41C3-B077-BB9CCC183997}.Debug|Any CPU.ActiveCfg = Debug|Any CPU
		{32D385B1-C59C-41C3-B077-BB9CCC183997}.Debug|Any CPU.Build.0 = Debug|Any CPU
		{32D385B1-C59C-41C3-B077-BB9CCC183997}.Release|Any CPU.ActiveCfg = Release|Any CPU
		{32D385B1-C59C-41C3-B077-BB9CCC183997}.Release|Any CPU.Build.0 = Release|Any CPU
		{0B4F57BA-23BD-4833-808A-42E7529F9302}.Debug|Any CPU.ActiveCfg = Debug|Any CPU
		{0B4F57BA-23BD-4833-808A-42E7529F9302}.Debug|Any CPU.Build.0 = Debug|Any CPU
		{0B4F57BA-23BD-4833-808A-42E7529F9302}.Release|Any CPU.ActiveCfg = Release|Any CPU
		{0B4F57BA-23BD-4833-808A-42E7529F9302}.Release|Any CPU.Build.0 = Release|Any CPU
	EndGlobalSection
	GlobalSection(SolutionProperties) = preSolution
		HideSolutionNode = FALSE
	EndGlobalSection
	GlobalSection(NestedProjects) = preSolution
		{74153969-1E62-46E7-AF70-CB63AA05E598} = {1F419B0A-60D2-4FCD-83FC-B4DCDFB5B598}
		{DEBB4A2D-27DE-4D3E-860D-25CCD325AC33} = {1F419B0A-60D2-4FCD-83FC-B4DCDFB5B598}
		{B97E756E-8CD0-4F1C-B08D-D7C4942450D9} = {1F419B0A-60D2-4FCD-83FC-B4DCDFB5B598}
		{32D385B1-C59C-41C3-B077-BB9CCC183997} = {1F419B0A-60D2-4FCD-83FC-B4DCDFB5B598}
		{0B4F57BA-23BD-4833-808A-42E7529F9302} = {EA138912-82C7-4E73-A130-CDA954491787}
	EndGlobalSection
	GlobalSection(ExtensibilityGlobals) = postSolution
		SolutionGuid = {03DE6903-03B3-48A5-A58D-49B8083B5F03}
	EndGlobalSection
EndGlobal
